
Microsoft Visual Studio Solution File, Format Version 12.00
# Visual Studio Version 17
VisualStudioVersion = 17.10.34928.147
MinimumVisualStudioVersion = 10.0.40219.1
Project("{FAE04EC0-301F-11D3-BF4B-00C04F79EFBC}") = "ShapeLibrary", "ShapeLibrary\ShapeLibrary.csproj", "{1F40145A-78DD-4CD5-9651-45AE176C1037}"
EndProject
Project("{FAE04EC0-301F-11D3-BF4B-00C04F79EFBC}") = "ShapeLibrary.Tests", "ShapeLibrary.Tests\ShapeLibrary.Tests.csproj", "{F7910140-9F56-423C-AD9B-EEC62037D1BC}"
EndProject
Global
	GlobalSection(SolutionConfigurationPlatforms) = preSolution
		Debug|Any CPU = Debug|Any CPU
		Release|Any CPU = Release|Any CPU
	EndGlobalSection
	GlobalSection(ProjectConfigurationPlatforms) = postSolution
		{1F40145A-78DD-4CD5-9651-45AE176C1037}.Debug|Any CPU.ActiveCfg = Debug|Any CPU
		{1F40145A-78DD-4CD5-9651-45AE176C1037}.Debug|Any CPU.Build.0 = Debug|Any CPU
		{1F40145A-78DD-4CD5-9651-45AE176C1037}.Release|Any CPU.ActiveCfg = Release|Any CPU
		{1F40145A-78DD-4CD5-9651-45AE176C1037}.Release|Any CPU.Build.0 = Release|Any CPU
		{F7910140-9F56-423C-AD9B-EEC62037D1BC}.Debug|Any CPU.ActiveCfg = Debug|Any CPU
		{F7910140-9F56-423C-AD9B-EEC62037D1BC}.Debug|Any CPU.Build.0 = Debug|Any CPU
		{F7910140-9F56-423C-AD9B-EEC62037D1BC}.Release|Any CPU.ActiveCfg = Release|Any CPU
		{F7910140-9F56-423C-AD9B-EEC62037D1BC}.Release|Any CPU.Build.0 = Release|Any CPU
	EndGlobalSection
	GlobalSection(SolutionProperties) = preSolution
		HideSolutionNode = FALSE
	EndGlobalSection
	GlobalSection(ExtensibilityGlobals) = postSolution
		SolutionGuid = {7FB5EDA2-1E93-4693-9AEE-02EB00D03CF9}
	EndGlobalSection
EndGlobal
